
Microsoft Visual Studio Solution File, Format Version 12.00
# Visual Studio Version 16
VisualStudioVersion = 16.0.32106.194
MinimumVisualStudioVersion = 10.0.40219.1
Project("{FAE04EC0-301F-11D3-BF4B-00C04F79EFBC}") = "List Manipulation Advanced", "List Manipulation Advanced.csproj", "{1EBB8A16-B13B-4136-919B-C91B851A1014}"
EndProject
Global
	GlobalSection(SolutionConfigurationPlatforms) = preSolution
		Debug|Any CPU = Debug|Any CPU
		Release|Any CPU = Release|Any CPU
	EndGlobalSection
	GlobalSection(ProjectConfigurationPlatforms) = postSolution
		{1EBB8A16-B13B-4136-919B-C91B851A1014}.Debug|Any CPU.ActiveCfg = Debug|Any CPU
		{1EBB8A16-B13B-4136-919B-C91B851A1014}.Debug|Any CPU.Build.0 = Debug|Any CPU
		{1EBB8A16-B13B-4136-919B-C91B851A1014}.Release|Any CPU.ActiveCfg = Release|Any CPU
		{1EBB8A16-B13B-4136-919B-C91B851A1014}.Release|Any CPU.Build.0 = Release|Any CPU
	EndGlobalSection
	GlobalSection(SolutionProperties) = preSolution
		HideSolutionNode = FALSE
	EndGlobalSection
	GlobalSection(ExtensibilityGlobals) = postSolution
		SolutionGuid = {2D66F9E3-EE8C-42AE-97F5-987BB7A53813}
	EndGlobalSection
EndGlobal
