
Microsoft Visual Studio Solution File, Format Version 12.00
# Visual Studio Version 16
VisualStudioVersion = 16.0.32106.194
MinimumVisualStudioVersion = 10.0.40219.1
Project("{FAE04EC0-301F-11D3-BF4B-00C04F79EFBC}") = "SoftUni Parking", "SoftUni Parking.csproj", "{E3778D9C-FA01-444B-88D1-C6BAF7630E5A}"
EndProject
Global
	GlobalSection(SolutionConfigurationPlatforms) = preSolution
		Debug|Any CPU = Debug|Any CPU
		Release|Any CPU = Release|Any CPU
	EndGlobalSection
	GlobalSection(ProjectConfigurationPlatforms) = postSolution
		{E3778D9C-FA01-444B-88D1-C6BAF7630E5A}.Debug|Any CPU.ActiveCfg = Debug|Any CPU
		{E3778D9C-FA01-444B-88D1-C6BAF7630E5A}.Debug|Any CPU.Build.0 = Debug|Any CPU
		{E3778D9C-FA01-444B-88D1-C6BAF7630E5A}.Release|Any CPU.ActiveCfg = Release|Any CPU
		{E3778D9C-FA01-444B-88D1-C6BAF7630E5A}.Release|Any CPU.Build.0 = Release|Any CPU
	EndGlobalSection
	GlobalSection(SolutionProperties) = preSolution
		HideSolutionNode = FALSE
	EndGlobalSection
	GlobalSection(ExtensibilityGlobals) = postSolution
		SolutionGuid = {8EACD4F0-B05A-4941-B49A-B4092AB98E5B}
	EndGlobalSection
EndGlobal
