
Microsoft Visual Studio Solution File, Format Version 12.00
# Visual Studio Version 16
VisualStudioVersion = 16.0.32106.194
MinimumVisualStudioVersion = 10.0.40219.1
Project("{FAE04EC0-301F-11D3-BF4B-00C04F79EFBC}") = "Radiant to Degrees", "Radiant to Degrees.csproj", "{FA0F9DD8-ADBB-420A-8343-7CD5A48014D4}"
EndProject
Global
	GlobalSection(SolutionConfigurationPlatforms) = preSolution
		Debug|Any CPU = Debug|Any CPU
		Release|Any CPU = Release|Any CPU
	EndGlobalSection
	GlobalSection(ProjectConfigurationPlatforms) = postSolution
		{FA0F9DD8-ADBB-420A-8343-7CD5A48014D4}.Debug|Any CPU.ActiveCfg = Debug|Any CPU
		{FA0F9DD8-ADBB-420A-8343-7CD5A48014D4}.Debug|Any CPU.Build.0 = Debug|Any CPU
		{FA0F9DD8-ADBB-420A-8343-7CD5A48014D4}.Release|Any CPU.ActiveCfg = Release|Any CPU
		{FA0F9DD8-ADBB-420A-8343-7CD5A48014D4}.Release|Any CPU.Build.0 = Release|Any CPU
	EndGlobalSection
	GlobalSection(SolutionProperties) = preSolution
		HideSolutionNode = FALSE
	EndGlobalSection
	GlobalSection(ExtensibilityGlobals) = postSolution
		SolutionGuid = {B2CC3727-9301-4397-BE9D-F69AD1291916}
	EndGlobalSection
EndGlobal
