
Microsoft Visual Studio Solution File, Format Version 12.00
# Visual Studio Version 16
VisualStudioVersion = 16.0.32106.194
MinimumVisualStudioVersion = 10.0.40219.1
Project("{FAE04EC0-301F-11D3-BF4B-00C04F79EFBC}") = "Word Synonyms", "Word Synonyms.csproj", "{4C512CC9-9091-4781-BC3E-A14D880A034A}"
EndProject
Global
	GlobalSection(SolutionConfigurationPlatforms) = preSolution
		Debug|Any CPU = Debug|Any CPU
		Release|Any CPU = Release|Any CPU
	EndGlobalSection
	GlobalSection(ProjectConfigurationPlatforms) = postSolution
		{4C512CC9-9091-4781-BC3E-A14D880A034A}.Debug|Any CPU.ActiveCfg = Debug|Any CPU
		{4C512CC9-9091-4781-BC3E-A14D880A034A}.Debug|Any CPU.Build.0 = Debug|Any CPU
		{4C512CC9-9091-4781-BC3E-A14D880A034A}.Release|Any CPU.ActiveCfg = Release|Any CPU
		{4C512CC9-9091-4781-BC3E-A14D880A034A}.Release|Any CPU.Build.0 = Release|Any CPU
	EndGlobalSection
	GlobalSection(SolutionProperties) = preSolution
		HideSolutionNode = FALSE
	EndGlobalSection
	GlobalSection(ExtensibilityGlobals) = postSolution
		SolutionGuid = {3A453EB9-6F1B-48A3-8755-F830C67165CA}
	EndGlobalSection
EndGlobal
