
Microsoft Visual Studio Solution File, Format Version 12.00
# Visual Studio Version 16
VisualStudioVersion = 16.0.32106.194
MinimumVisualStudioVersion = 10.0.40219.1
Project("{FAE04EC0-301F-11D3-BF4B-00C04F79EFBC}") = "ListNames Exercise", "ListNames Exercise.csproj", "{A106B868-8EFF-4854-A91B-5FFA65753DE1}"
EndProject
Global
	GlobalSection(SolutionConfigurationPlatforms) = preSolution
		Debug|Any CPU = Debug|Any CPU
		Release|Any CPU = Release|Any CPU
	EndGlobalSection
	GlobalSection(ProjectConfigurationPlatforms) = postSolution
		{A106B868-8EFF-4854-A91B-5FFA65753DE1}.Debug|Any CPU.ActiveCfg = Debug|Any CPU
		{A106B868-8EFF-4854-A91B-5FFA65753DE1}.Debug|Any CPU.Build.0 = Debug|Any CPU
		{A106B868-8EFF-4854-A91B-5FFA65753DE1}.Release|Any CPU.ActiveCfg = Release|Any CPU
		{A106B868-8EFF-4854-A91B-5FFA65753DE1}.Release|Any CPU.Build.0 = Release|Any CPU
	EndGlobalSection
	GlobalSection(SolutionProperties) = preSolution
		HideSolutionNode = FALSE
	EndGlobalSection
	GlobalSection(ExtensibilityGlobals) = postSolution
		SolutionGuid = {90F67B11-7417-4237-AE87-9508A9117101}
	EndGlobalSection
EndGlobal
