
Microsoft Visual Studio Solution File, Format Version 12.00
# Visual Studio Version 16
VisualStudioVersion = 16.0.32106.194
MinimumVisualStudioVersion = 10.0.40219.1
Project("{FAE04EC0-301F-11D3-BF4B-00C04F79EFBC}") = "Числа 0-100", "Числа 0-100.csproj", "{0298803A-9BD4-40BB-829C-EC30C132F772}"
EndProject
Global
	GlobalSection(SolutionConfigurationPlatforms) = preSolution
		Debug|Any CPU = Debug|Any CPU
		Release|Any CPU = Release|Any CPU
	EndGlobalSection
	GlobalSection(ProjectConfigurationPlatforms) = postSolution
		{0298803A-9BD4-40BB-829C-EC30C132F772}.Debug|Any CPU.ActiveCfg = Debug|Any CPU
		{0298803A-9BD4-40BB-829C-EC30C132F772}.Debug|Any CPU.Build.0 = Debug|Any CPU
		{0298803A-9BD4-40BB-829C-EC30C132F772}.Release|Any CPU.ActiveCfg = Release|Any CPU
		{0298803A-9BD4-40BB-829C-EC30C132F772}.Release|Any CPU.Build.0 = Release|Any CPU
	EndGlobalSection
	GlobalSection(SolutionProperties) = preSolution
		HideSolutionNode = FALSE
	EndGlobalSection
	GlobalSection(ExtensibilityGlobals) = postSolution
		SolutionGuid = {81DBCF7C-C004-476F-A984-AE8E039582A7}
	EndGlobalSection
EndGlobal
