
Microsoft Visual Studio Solution File, Format Version 12.00
# Visual Studio Version 16
VisualStudioVersion = 16.0.32106.194
MinimumVisualStudioVersion = 10.0.40219.1
Project("{FAE04EC0-301F-11D3-BF4B-00C04F79EFBC}") = "OddSeq", "OddSeq.csproj", "{4A132CA1-1750-4B90-8F40-04452A5449BE}"
EndProject
Global
	GlobalSection(SolutionConfigurationPlatforms) = preSolution
		Debug|Any CPU = Debug|Any CPU
		Release|Any CPU = Release|Any CPU
	EndGlobalSection
	GlobalSection(ProjectConfigurationPlatforms) = postSolution
		{4A132CA1-1750-4B90-8F40-04452A5449BE}.Debug|Any CPU.ActiveCfg = Debug|Any CPU
		{4A132CA1-1750-4B90-8F40-04452A5449BE}.Debug|Any CPU.Build.0 = Debug|Any CPU
		{4A132CA1-1750-4B90-8F40-04452A5449BE}.Release|Any CPU.ActiveCfg = Release|Any CPU
		{4A132CA1-1750-4B90-8F40-04452A5449BE}.Release|Any CPU.Build.0 = Release|Any CPU
	EndGlobalSection
	GlobalSection(SolutionProperties) = preSolution
		HideSolutionNode = FALSE
	EndGlobalSection
	GlobalSection(ExtensibilityGlobals) = postSolution
		SolutionGuid = {E5BBF315-96B9-455E-BBC3-12AF54F5F2E6}
	EndGlobalSection
EndGlobal
