
Microsoft Visual Studio Solution File, Format Version 12.00
# Visual Studio Version 16
VisualStudioVersion = 16.0.32106.194
MinimumVisualStudioVersion = 10.0.40219.1
Project("{FAE04EC0-301F-11D3-BF4B-00C04F79EFBC}") = "Problem 2 – Emoji Detector", "Problem 2 – Emoji Detector.csproj", "{81DC15BC-BA5D-44E3-999B-52BF7C37E155}"
EndProject
Global
	GlobalSection(SolutionConfigurationPlatforms) = preSolution
		Debug|Any CPU = Debug|Any CPU
		Release|Any CPU = Release|Any CPU
	EndGlobalSection
	GlobalSection(ProjectConfigurationPlatforms) = postSolution
		{81DC15BC-BA5D-44E3-999B-52BF7C37E155}.Debug|Any CPU.ActiveCfg = Debug|Any CPU
		{81DC15BC-BA5D-44E3-999B-52BF7C37E155}.Debug|Any CPU.Build.0 = Debug|Any CPU
		{81DC15BC-BA5D-44E3-999B-52BF7C37E155}.Release|Any CPU.ActiveCfg = Release|Any CPU
		{81DC15BC-BA5D-44E3-999B-52BF7C37E155}.Release|Any CPU.Build.0 = Release|Any CPU
	EndGlobalSection
	GlobalSection(SolutionProperties) = preSolution
		HideSolutionNode = FALSE
	EndGlobalSection
	GlobalSection(ExtensibilityGlobals) = postSolution
		SolutionGuid = {E629C0F9-9B7B-4CA1-A06D-8C709FCB692B}
	EndGlobalSection
EndGlobal
