
Microsoft Visual Studio Solution File, Format Version 12.00
# Visual Studio Version 16
VisualStudioVersion = 16.0.32106.194
MinimumVisualStudioVersion = 10.0.40219.1
Project("{FAE04EC0-301F-11D3-BF4B-00C04F79EFBC}") = "HomeSwitch", "HomeSwitch.csproj", "{AF49E386-9261-404C-8696-92F75CF83438}"
EndProject
Global
	GlobalSection(SolutionConfigurationPlatforms) = preSolution
		Debug|Any CPU = Debug|Any CPU
		Release|Any CPU = Release|Any CPU
	EndGlobalSection
	GlobalSection(ProjectConfigurationPlatforms) = postSolution
		{AF49E386-9261-404C-8696-92F75CF83438}.Debug|Any CPU.ActiveCfg = Debug|Any CPU
		{AF49E386-9261-404C-8696-92F75CF83438}.Debug|Any CPU.Build.0 = Debug|Any CPU
		{AF49E386-9261-404C-8696-92F75CF83438}.Release|Any CPU.ActiveCfg = Release|Any CPU
		{AF49E386-9261-404C-8696-92F75CF83438}.Release|Any CPU.Build.0 = Release|Any CPU
	EndGlobalSection
	GlobalSection(SolutionProperties) = preSolution
		HideSolutionNode = FALSE
	EndGlobalSection
	GlobalSection(ExtensibilityGlobals) = postSolution
		SolutionGuid = {843AECA3-7645-483E-BAD9-7712476B4BF7}
	EndGlobalSection
EndGlobal
