
Microsoft Visual Studio Solution File, Format Version 12.00
# Visual Studio Version 16
VisualStudioVersion = 16.0.32106.194
MinimumVisualStudioVersion = 10.0.40219.1
Project("{FAE04EC0-301F-11D3-BF4B-00C04F79EFBC}") = "Пресмятане на аквариум", "Пресмятане на аквариум.csproj", "{06F189D8-18AD-496F-B412-DA5EF2BAC914}"
EndProject
Global
	GlobalSection(SolutionConfigurationPlatforms) = preSolution
		Debug|Any CPU = Debug|Any CPU
		Release|Any CPU = Release|Any CPU
	EndGlobalSection
	GlobalSection(ProjectConfigurationPlatforms) = postSolution
		{06F189D8-18AD-496F-B412-DA5EF2BAC914}.Debug|Any CPU.ActiveCfg = Debug|Any CPU
		{06F189D8-18AD-496F-B412-DA5EF2BAC914}.Debug|Any CPU.Build.0 = Debug|Any CPU
		{06F189D8-18AD-496F-B412-DA5EF2BAC914}.Release|Any CPU.ActiveCfg = Release|Any CPU
		{06F189D8-18AD-496F-B412-DA5EF2BAC914}.Release|Any CPU.Build.0 = Release|Any CPU
	EndGlobalSection
	GlobalSection(SolutionProperties) = preSolution
		HideSolutionNode = FALSE
	EndGlobalSection
	GlobalSection(ExtensibilityGlobals) = postSolution
		SolutionGuid = {260BCB51-1347-4C21-821F-9D49E7525C02}
	EndGlobalSection
EndGlobal
