
Microsoft Visual Studio Solution File, Format Version 12.00
# Visual Studio Version 16
VisualStudioVersion = 16.0.32106.194
MinimumVisualStudioVersion = 10.0.40219.1
Project("{FAE04EC0-301F-11D3-BF4B-00C04F79EFBC}") = "Decrypting Commands", "Decrypting Commands.csproj", "{EE64F67F-2C84-4C99-B55B-E4899AD37BD5}"
EndProject
Global
	GlobalSection(SolutionConfigurationPlatforms) = preSolution
		Debug|Any CPU = Debug|Any CPU
		Release|Any CPU = Release|Any CPU
	EndGlobalSection
	GlobalSection(ProjectConfigurationPlatforms) = postSolution
		{EE64F67F-2C84-4C99-B55B-E4899AD37BD5}.Debug|Any CPU.ActiveCfg = Debug|Any CPU
		{EE64F67F-2C84-4C99-B55B-E4899AD37BD5}.Debug|Any CPU.Build.0 = Debug|Any CPU
		{EE64F67F-2C84-4C99-B55B-E4899AD37BD5}.Release|Any CPU.ActiveCfg = Release|Any CPU
		{EE64F67F-2C84-4C99-B55B-E4899AD37BD5}.Release|Any CPU.Build.0 = Release|Any CPU
	EndGlobalSection
	GlobalSection(SolutionProperties) = preSolution
		HideSolutionNode = FALSE
	EndGlobalSection
	GlobalSection(ExtensibilityGlobals) = postSolution
		SolutionGuid = {A9329518-6ABF-4729-A044-8CC713312E93}
	EndGlobalSection
EndGlobal
